Microsoft Visual Studio Solution File, Format Version 12.00
# Visual Studio 15
Project("{8BC9CEB8-8B4A-11D0-8D11-00A0C91BC942}") = "ALL_BUILD", "ALL_BUILD.vcxproj", "{7E0F51A7-00ED-321C-B6AA-EF5C88D598F7}"
	ProjectSection(ProjectDependencies) = postProject
		{90FEAA0E-808E-3701-8FBC-701CF8080176} = {90FEAA0E-808E-3701-8FBC-701CF8080176}
		{F79A51B9-EC5E-3829-8F28-9B20549C3DC9} = {F79A51B9-EC5E-3829-8F28-9B20549C3DC9}
	EndProjectSection
EndProject
Project("{8BC9CEB8-8B4A-11D0-8D11-00A0C91BC942}") = "ZERO_CHECK", "ZERO_CHECK.vcxproj", "{90FEAA0E-808E-3701-8FBC-701CF8080176}"
	ProjectSection(ProjectDependencies) = postProject
	EndProjectSection
EndProject
Project("{8BC9CEB8-8B4A-11D0-8D11-00A0C91BC942}") = "doods_client", "doods_client.vcxproj", "{F79A51B9-EC5E-3829-8F28-9B20549C3DC9}"
	ProjectSection(ProjectDependencies) = postProject
		{90FEAA0E-808E-3701-8FBC-701CF8080176} = {90FEAA0E-808E-3701-8FBC-701CF8080176}
	EndProjectSection
EndProject
Global
	GlobalSection(SolutionConfigurationPlatforms) = preSolution
		Debug|x64 = Debug|x64
		Release|x64 = Release|x64
		MinSizeRel|x64 = MinSizeRel|x64
		RelWithDebInfo|x64 = RelWithDebInfo|x64
	EndGlobalSection
	GlobalSection(ProjectConfigurationPlatforms) = postSolution
		{7E0F51A7-00ED-321C-B6AA-EF5C88D598F7}.Debug|x64.ActiveCfg = Debug|x64
		{7E0F51A7-00ED-321C-B6AA-EF5C88D598F7}.Release|x64.ActiveCfg = Release|x64
		{7E0F51A7-00ED-321C-B6AA-EF5C88D598F7}.MinSizeRel|x64.ActiveCfg = MinSizeRel|x64
		{7E0F51A7-00ED-321C-B6AA-EF5C88D598F7}.RelWithDebInfo|x64.ActiveCfg = RelWithDebInfo|x64
		{90FEAA0E-808E-3701-8FBC-701CF8080176}.Debug|x64.ActiveCfg = Debug|x64
		{90FEAA0E-808E-3701-8FBC-701CF8080176}.Debug|x64.Build.0 = Debug|x64
		{90FEAA0E-808E-3701-8FBC-701CF8080176}.Release|x64.ActiveCfg = Release|x64
		{90FEAA0E-808E-3701-8FBC-701CF8080176}.Release|x64.Build.0 = Release|x64
		{90FEAA0E-808E-3701-8FBC-701CF8080176}.MinSizeRel|x64.ActiveCfg = MinSizeRel|x64
		{90FEAA0E-808E-3701-8FBC-701CF8080176}.MinSizeRel|x64.Build.0 = MinSizeRel|x64
		{90FEAA0E-808E-3701-8FBC-701CF8080176}.RelWithDebInfo|x64.ActiveCfg = RelWithDebInfo|x64
		{90FEAA0E-808E-3701-8FBC-701CF8080176}.RelWithDebInfo|x64.Build.0 = RelWithDebInfo|x64
		{F79A51B9-EC5E-3829-8F28-9B20549C3DC9}.Debug|x64.ActiveCfg = Debug|x64
		{F79A51B9-EC5E-3829-8F28-9B20549C3DC9}.Debug|x64.Build.0 = Debug|x64
		{F79A51B9-EC5E-3829-8F28-9B20549C3DC9}.Release|x64.ActiveCfg = Release|x64
		{F79A51B9-EC5E-3829-8F28-9B20549C3DC9}.Release|x64.Build.0 = Release|x64
		{F79A51B9-EC5E-3829-8F28-9B20549C3DC9}.MinSizeRel|x64.ActiveCfg = MinSizeRel|x64
		{F79A51B9-EC5E-3829-8F28-9B20549C3DC9}.MinSizeRel|x64.Build.0 = MinSizeRel|x64
		{F79A51B9-EC5E-3829-8F28-9B20549C3DC9}.RelWithDebInfo|x64.ActiveCfg = RelWithDebInfo|x64
		{F79A51B9-EC5E-3829-8F28-9B20549C3DC9}.RelWithDebInfo|x64.Build.0 = RelWithDebInfo|x64
	EndGlobalSection
	GlobalSection(ExtensibilityGlobals) = postSolution
		SolutionGuid = {3EA230F4-F800-31A4-9B98-EABF9EBBF2AA}
	EndGlobalSection
	GlobalSection(ExtensibilityAddIns) = postSolution
	EndGlobalSection
EndGlobal
